<?xml version="1.0" encoding="utf-8"?>
<Project ToolsVersion="4.0" xmlns="http://schemas.microsoft.com/developer/msbuild/2003">
  <ItemGroup>
    <Filter Include="Source Files">
      <UniqueIdentifier>{4FC737F1-C7A5-4376-A066-2A32D752A2FF}</UniqueIdentifier>
      <Extensions>cpp;c;cc;cxx;c++;cppm;ixx;def;odl;idl;hpj;bat;asm;asmx</Extensions>
    </Filter>
    <Filter Include="Header Files">
      <UniqueIdentifier>{93995380-89BD-4b04-88EB-625FBE52EBFB}</UniqueIdentifier>
      <Extensions>h;hh;hpp;hxx;h++;hm;inl;inc;ipp;xsd</Extensions>
    </Filter>
    <Filter Include="Resource Files">
      <UniqueIdentifier>{67DA6AB6-F800-4c08-8B7A-83BB121AAD01}</UniqueIdentifier>
      <Extensions>rc;ico;cur;bmp;dlg;rc2;rct;bin;rgs;gif;jpg;jpeg;jpe;resx;tiff;tif;png;wav;mfcribbon-ms</Extensions>
    </Filter>
    <Filter Include="Source Files\Core">
      <UniqueIdentifier>{afdb1a95-4e3e-4876-a8f8-2c3b3b6ca99c}</UniqueIdentifier>
    </Filter>
    <Filter Include="Header Files\Core">
      <UniqueIdentifier>{3d66781b-3219-445f-8107-6dbb9aec26d2}</UniqueIdentifier>
    </Filter>
    <Filter Include="Source Files\Structures/Geometry">
      <UniqueIdentifier>{19f42807-5550-4e7f-a6f5-d709c6ed0e31}</UniqueIdentifier>
    </Filter>
    <Filter Include="Header Files\Scripts">
      <UniqueIdentifier>{7d9b4329-a99c-468b-9433-3a961ab2810b}</UniqueIdentifier>
    </Filter>
    <Filter Include="Source Files\Scripts">
      <UniqueIdentifier>{b9555ef5-c6df-4f33-a4a2-28ff79ce7307}</UniqueIdentifier>
    </Filter>
    <Filter Include="Source Files\Game">
      <UniqueIdentifier>{2214f04e-4044-4dd9-9475-bc098109d28b}</UniqueIdentifier>
    </Filter>
    <Filter Include="Header Files\Game">
      <UniqueIdentifier>{31ca45a2-50d8-45dd-9c70-2a4ea1d858e9}</UniqueIdentifier>
    </Filter>
    <Filter Include="Header Files\Core\Collider">
      <UniqueIdentifier>{dc57581a-94a5-4242-b8e3-52af371160d2}</UniqueIdentifier>
    </Filter>
    <Filter Include="Source Files\Core\Collider">
      <UniqueIdentifier>{2aff085a-6883-404e-a91a-395915c4490b}</UniqueIdentifier>
    </Filter>
    <Filter Include="Header Files\Core\GFX">
      <UniqueIdentifier>{ac77a893-b365-4488-8c05-f29548363612}</UniqueIdentifier>
    </Filter>
    <Filter Include="Source Files\Core\GFX">
      <UniqueIdentifier>{f7230735-69e0-4431-ae59-27a40056948a}</UniqueIdentifier>
    </Filter>
    <Filter Include="Source Files\UI">
      <UniqueIdentifier>{7ed25de8-6589-4cb0-9581-8335e1a74e93}</UniqueIdentifier>
    </Filter>
    <Filter Include="Header Files\UI">
      <UniqueIdentifier>{fd19961d-02c8-46be-b0b7-7d54cf4bc00c}</UniqueIdentifier>
    </Filter>
  </ItemGroup>
  <ItemGroup>
    <ClCompile Include="main.cpp">
      <Filter>Source Files</Filter>
    </ClCompile>
    <ClCompile Include="Time.cpp">
      <Filter>Source Files\Core</Filter>
    </ClCompile>
    <ClCompile Include="Transform.cpp">
      <Filter>Source Files\Core</Filter>
    </ClCompile>
    <ClCompile Include="Vector2d.cpp">
      <Filter>Source Files\Structures/Geometry</Filter>
    </ClCompile>
    <ClCompile Include="logger.cpp">
      <Filter>Source Files\Core</Filter>
    </ClCompile>
    <ClCompile Include="Snake.cpp">
      <Filter>Source Files\Scripts</Filter>
    </ClCompile>
    <ClCompile Include="GameObject.cpp">
      <Filter>Source Files\Core</Filter>
    </ClCompile>
    <ClCompile Include="Color.cpp">
      <Filter>Source Files\Structures/Geometry</Filter>
    </ClCompile>
    <ClCompile Include="SnakeSegment.cpp">
      <Filter>Source Files\Scripts</Filter>
    </ClCompile>
    <ClCompile Include="Keyboard.cpp">
      <Filter>Source Files\Core</Filter>
    </ClCompile>
    <ClCompile Include="Collider.cpp">
      <Filter>Source Files\Core\Collider</Filter>
    </ClCompile>
    <ClCompile Include="TimerCalling.cpp">
      <Filter>Source Files\Core</Filter>
    </ClCompile>
    <ClCompile Include="GFX.cpp">
      <Filter>Source Files\Core\GFX</Filter>
    </ClCompile>
    <ClCompile Include="GFXRect.cpp">
      <Filter>Source Files\Core\GFX</Filter>
    </ClCompile>
    <ClCompile Include="Eat.cpp">
      <Filter>Source Files\Scripts</Filter>
    </ClCompile>
    <ClCompile Include="SnakeGame.cpp">
      <Filter>Source Files\Game</Filter>
    </ClCompile>
    <ClCompile Include="Level.cpp">
      <Filter>Source Files\Game</Filter>
    </ClCompile>
    <ClCompile Include="HUD.cpp">
      <Filter>Source Files\UI</Filter>
    </ClCompile>
    <ClCompile Include="UIScore.cpp">
      <Filter>Source Files\UI</Filter>
    </ClCompile>
    <ClCompile Include="UIComponent.cpp">
      <Filter>Source Files\UI</Filter>
    </ClCompile>
    <ClCompile Include="UIGameOver.cpp">
      <Filter>Source Files\UI</Filter>
    </ClCompile>
  </ItemGroup>
  <ItemGroup>
    <ClInclude Include="resource.h">
      <Filter>Header Files</Filter>
    </ClInclude>
    <ClInclude Include="GameObject.h">
      <Filter>Header Files\Core</Filter>
    </ClInclude>
    <ClInclude Include="Transform.h">
      <Filter>Header Files\Core</Filter>
    </ClInclude>
    <ClInclude Include="Time.h">
      <Filter>Header Files\Core</Filter>
    </ClInclude>
    <ClInclude Include="Core.h">
      <Filter>Header Files\Core</Filter>
    </ClInclude>
    <ClInclude Include="Snake.h">
      <Filter>Header Files\Scripts</Filter>
    </ClInclude>
    <ClInclude Include="SnakeSegment.h">
      <Filter>Header Files\Scripts</Filter>
    </ClInclude>
    <ClInclude Include="Keyboard.h">
      <Filter>Header Files\Core</Filter>
    </ClInclude>
    <ClInclude Include="Collider.h">
      <Filter>Header Files\Core\Collider</Filter>
    </ClInclude>
    <ClInclude Include="Eat.h">
      <Filter>Header Files\Scripts</Filter>
    </ClInclude>
    <ClInclude Include="TimerCalling.h">
      <Filter>Header Files\Core</Filter>
    </ClInclude>
    <ClInclude Include="GFX.h">
      <Filter>Header Files\Core\GFX</Filter>
    </ClInclude>
    <ClInclude Include="GFXRect.h">
      <Filter>Header Files\Core\GFX</Filter>
    </ClInclude>
    <ClInclude Include="SnakeGame.h">
      <Filter>Header Files\Game</Filter>
    </ClInclude>
    <ClInclude Include="Level.h">
      <Filter>Header Files\Game</Filter>
    </ClInclude>
    <ClInclude Include="HUD.h">
      <Filter>Header Files\UI</Filter>
    </ClInclude>
    <ClInclude Include="UIComponent.h">
      <Filter>Header Files\UI</Filter>
    </ClInclude>
    <ClInclude Include="UIScore.h">
      <Filter>Header Files\UI</Filter>
    </ClInclude>
    <ClInclude Include="UIGameOver.h">
      <Filter>Header Files\UI</Filter>
    </ClInclude>
  </ItemGroup>
  <ItemGroup>
    <ResourceCompile Include="Snake.rc">
      <Filter>Resource Files</Filter>
    </ResourceCompile>
  </ItemGroup>
</Project>